// !$*UTF8*$!
{
	archiveVersion = 1;
	classes = {
	};
	objectVersion = 51;
	objects = {

/* Begin PBXBuildFile section */
		3F2169D8283022BA0094B778 /* ComingEventsPresenter.swift in Sources */ = {isa = PBXBuildFile; fileRef = 3F2169D7283022BA0094B778 /* ComingEventsPresenter.swift */; };
		3F2169DA283023250094B778 /* LatestEventsPresenter.swift in Sources */ = {isa = PBXBuildFile; fileRef = 3F2169D9283023250094B778 /* LatestEventsPresenter.swift */; };
		3F2169DC2830233C0094B778 /* TeamsPresenter.swift in Sources */ = {isa = PBXBuildFile; fileRef = 3F2169DB2830233C0094B778 /* TeamsPresenter.swift */; };
		3F2169E6283023DB0094B778 /* ComingEventsTableViewCell.swift in Sources */ = {isa = PBXBuildFile; fileRef = 3F2169E4283023DB0094B778 /* ComingEventsTableViewCell.swift */; };
		3F2169E7283023DB0094B778 /* ComingEventsTableViewCell.xib in Resources */ = {isa = PBXBuildFile; fileRef = 3F2169E5283023DB0094B778 /* ComingEventsTableViewCell.xib */; };
		3F2169EA283024060094B778 /* ComingEventsCollectionViewCell.swift in Sources */ = {isa = PBXBuildFile; fileRef = 3F2169E8283024060094B778 /* ComingEventsCollectionViewCell.swift */; };
		3F2169EB283024060094B778 /* ComingEventsCollectionViewCell.xib in Resources */ = {isa = PBXBuildFile; fileRef = 3F2169E9283024060094B778 /* ComingEventsCollectionViewCell.xib */; };
		3F2169EE283024250094B778 /* LatestEventsCollectionViewCell.swift in Sources */ = {isa = PBXBuildFile; fileRef = 3F2169EC283024250094B778 /* LatestEventsCollectionViewCell.swift */; };
		3F2169EF283024250094B778 /* LatestEventsCollectionViewCell.xib in Resources */ = {isa = PBXBuildFile; fileRef = 3F2169ED283024250094B778 /* LatestEventsCollectionViewCell.xib */; };
		3F2169F2283024420094B778 /* LatestEventsTableViewCell.swift in Sources */ = {isa = PBXBuildFile; fileRef = 3F2169F0283024420094B778 /* LatestEventsTableViewCell.swift */; };
		3F2169F3283024420094B778 /* LatestEventsTableViewCell.xib in Resources */ = {isa = PBXBuildFile; fileRef = 3F2169F1283024420094B778 /* LatestEventsTableViewCell.xib */; };
		3F2169F6283024A90094B778 /* TeamsCollectionViewCell.swift in Sources */ = {isa = PBXBuildFile; fileRef = 3F2169F4283024A90094B778 /* TeamsCollectionViewCell.swift */; };
		3F2169F7283024A90094B778 /* TeamsCollectionViewCell.xib in Resources */ = {isa = PBXBuildFile; fileRef = 3F2169F5283024A90094B778 /* TeamsCollectionViewCell.xib */; };
		3F2169FA2830250C0094B778 /* TeamsTableViewCell.swift in Sources */ = {isa = PBXBuildFile; fileRef = 3F2169F82830250C0094B778 /* TeamsTableViewCell.swift */; };
		3F2169FB2830250C0094B778 /* TeamsTableViewCell.xib in Resources */ = {isa = PBXBuildFile; fileRef = 3F2169F92830250C0094B778 /* TeamsTableViewCell.xib */; };
		3F3DA93A28332A390024F9DF /* Team.swift in Sources */ = {isa = PBXBuildFile; fileRef = 3F3DA93928332A390024F9DF /* Team.swift */; };
		3F3DA93C28332E7E0024F9DF /* EventResponse.swift in Sources */ = {isa = PBXBuildFile; fileRef = 3F3DA93B28332E7E0024F9DF /* EventResponse.swift */; };
		3F44E01B2834873F000D57F5 /* SecondVCViewController.swift in Sources */ = {isa = PBXBuildFile; fileRef = 3F44E01A2834873F000D57F5 /* SecondVCViewController.swift */; };
		3F8F1E7F28317C3600C3AD1B /* Todo.swift in Sources */ = {isa = PBXBuildFile; fileRef = 3F8F1E7E28317C3600C3AD1B /* Todo.swift */; };
		3F8F1E8128317E8000C3AD1B /* NetworkServicesTow.swift in Sources */ = {isa = PBXBuildFile; fileRef = 3F8F1E8028317E8000C3AD1B /* NetworkServicesTow.swift */; };
		3F8F1E852831885700C3AD1B /* EventsViewController.swift in Sources */ = {isa = PBXBuildFile; fileRef = 3F8F1E842831885700C3AD1B /* EventsViewController.swift */; };
		3FD612AE2836BD4500D640DF /* TeamDetailesViewController.swift in Sources */ = {isa = PBXBuildFile; fileRef = 3FD612AD2836BD4500D640DF /* TeamDetailesViewController.swift */; };
		3FD612F828371CA400D640DF /* CoreDataManager.swift in Sources */ = {isa = PBXBuildFile; fileRef = 3FD612F728371CA400D640DF /* CoreDataManager.swift */; };
		3FD612FA2837327500D640DF /* CoreDataMangerProtocol.swift in Sources */ = {isa = PBXBuildFile; fileRef = 3FD612F92837327500D640DF /* CoreDataMangerProtocol.swift */; };
		3FD612FF2837FEFF00D640DF /* CoreDataPresenter.swift in Sources */ = {isa = PBXBuildFile; fileRef = 3FD612FE2837FEFF00D640DF /* CoreDataPresenter.swift */; };
		3FD61306283830C200D640DF /* SavingLeague+CoreDataClass.swift in Sources */ = {isa = PBXBuildFile; fileRef = 3FD61304283830C200D640DF /* SavingLeague+CoreDataClass.swift */; };
		3FD61307283830C200D640DF /* SavingLeague+CoreDataProperties.swift in Sources */ = {isa = PBXBuildFile; fileRef = 3FD61305283830C200D640DF /* SavingLeague+CoreDataProperties.swift */; };
		4E0F69A457BF911E9C2B8CCE /* Pods_SportsApp.framework in Frameworks */ = {isa = PBXBuildFile; fileRef = 6B4E67FA96099194C3831F1C /* Pods_SportsApp.framework */; };
		A121658879D3CA6B823ABB45 /* Pods_SportsAppTests.framework in Frameworks */ = {isa = PBXBuildFile; fileRef = AAFC8CD830E42D3DD493BC2E /* Pods_SportsAppTests.framework */; };
		B725D8312832B5B100D9C54E /* LeaguesTableViewCell.swift in Sources */ = {isa = PBXBuildFile; fileRef = B725D82F2832B5B100D9C54E /* LeaguesTableViewCell.swift */; };
		B725D8322832B5B100D9C54E /* LeaguesTableViewCell.xib in Resources */ = {isa = PBXBuildFile; fileRef = B725D8302832B5B100D9C54E /* LeaguesTableViewCell.xib */; };
		B725D8382832BF0C00D9C54E /* FavouritePresenter.swift in Sources */ = {isa = PBXBuildFile; fileRef = B725D8372832BF0C00D9C54E /* FavouritePresenter.swift */; };
		B725D83A2832BF3100D9C54E /* FavouriteViewController.swift in Sources */ = {isa = PBXBuildFile; fileRef = B725D8392832BF3100D9C54E /* FavouriteViewController.swift */; };
		B725D83C2832C78800D9C54E /* DBManager.swift in Sources */ = {isa = PBXBuildFile; fileRef = B725D83B2832C78800D9C54E /* DBManager.swift */; };
		B725D83E2832CDFE00D9C54E /* BDManagerProtocol.swift in Sources */ = {isa = PBXBuildFile; fileRef = B725D83D2832CDFE00D9C54E /* BDManagerProtocol.swift */; };
		B725D8452832EF5F00D9C54E /* FavouriteTableViewCell.swift in Sources */ = {isa = PBXBuildFile; fileRef = B725D8432832EF5F00D9C54E /* FavouriteTableViewCell.swift */; };
		B725D8462832EF5F00D9C54E /* FavouriteTableViewCell.xib in Resources */ = {isa = PBXBuildFile; fileRef = B725D8442832EF5F00D9C54E /* FavouriteTableViewCell.xib */; };
		B7425E2F282C357B00B6B0BF /* AppDelegate.swift in Sources */ = {isa = PBXBuildFile; fileRef = B7425E2E282C357B00B6B0BF /* AppDelegate.swift */; };
		B7425E31282C357B00B6B0BF /* SceneDelegate.swift in Sources */ = {isa = PBXBuildFile; fileRef = B7425E30282C357B00B6B0BF /* SceneDelegate.swift */; };
		B7425E33282C357B00B6B0BF /* ViewController.swift in Sources */ = {isa = PBXBuildFile; fileRef = B7425E32282C357B00B6B0BF /* ViewController.swift */; };
		B7425E36282C357C00B6B0BF /* Main.storyboard in Resources */ = {isa = PBXBuildFile; fileRef = B7425E34282C357C00B6B0BF /* Main.storyboard */; };
		B7425E39282C357C00B6B0BF /* SportsApp.xcdatamodeld in Sources */ = {isa = PBXBuildFile; fileRef = B7425E37282C357C00B6B0BF /* SportsApp.xcdatamodeld */; };
		B7425E3B282C359800B6B0BF /* Assets.xcassets in Resources */ = {isa = PBXBuildFile; fileRef = B7425E3A282C359800B6B0BF /* Assets.xcassets */; };
		B7425E3E282C359800B6B0BF /* LaunchScreen.storyboard in Resources */ = {isa = PBXBuildFile; fileRef = B7425E3C282C359800B6B0BF /* LaunchScreen.storyboard */; };
		B7425E49282C359A00B6B0BF /* SportsAppTests.swift in Sources */ = {isa = PBXBuildFile; fileRef = B7425E48282C359A00B6B0BF /* SportsAppTests.swift */; };
		B796AD26282E79C300314198 /* NetworkManagerTests.swift in Sources */ = {isa = PBXBuildFile; fileRef = B796AD25282E79C300314198 /* NetworkManagerTests.swift */; };
		B796AD29282E817800314198 /* AllLeagues.swift in Sources */ = {isa = PBXBuildFile; fileRef = B796AD28282E817800314198 /* AllLeagues.swift */; };
		B796AD2B282E819100314198 /* League.swift in Sources */ = {isa = PBXBuildFile; fileRef = B796AD2A282E819100314198 /* League.swift */; };
		B796AD2D282E89AD00314198 /* HomePresenter.swift in Sources */ = {isa = PBXBuildFile; fileRef = B796AD2C282E89AD00314198 /* HomePresenter.swift */; };
		B796AD32282EC59600314198 /* LeaguesPresenter.swift in Sources */ = {isa = PBXBuildFile; fileRef = B796AD31282EC59600314198 /* LeaguesPresenter.swift */; };
		B796AD3A282EDE4300314198 /* LeaguesViewController.swift in Sources */ = {isa = PBXBuildFile; fileRef = B796AD38282EDE4200314198 /* LeaguesViewController.swift */; };
		B7CB6F67282D3594000C25A0 /* HomeCollectionViewCell.swift in Sources */ = {isa = PBXBuildFile; fileRef = B7CB6F66282D3594000C25A0 /* HomeCollectionViewCell.swift */; };
		B7CB6F70282D3FE6000C25A0 /* Sport.swift in Sources */ = {isa = PBXBuildFile; fileRef = B7CB6F6F282D3FE6000C25A0 /* Sport.swift */; };
		B7CB6F72282D4072000C25A0 /* NetworkManager.swift in Sources */ = {isa = PBXBuildFile; fileRef = B7CB6F71282D4072000C25A0 /* NetworkManager.swift */; };
		B7CB6F74282D408B000C25A0 /* AllSports.swift in Sources */ = {isa = PBXBuildFile; fileRef = B7CB6F73282D408B000C25A0 /* AllSports.swift */; };
		B7CB6F76282D42F0000C25A0 /* NetworkManagerProtocol.swift in Sources */ = {isa = PBXBuildFile; fileRef = B7CB6F75282D42F0000C25A0 /* NetworkManagerProtocol.swift */; };
		B7CB6F78282D4358000C25A0 /* Constants.swift in Sources */ = {isa = PBXBuildFile; fileRef = B7CB6F77282D4358000C25A0 /* Constants.swift */; };
/* End PBXBuildFile section */

/* Begin PBXContainerItemProxy section */
		B7425E45282C359A00B6B0BF /* PBXContainerItemProxy */ = {
			isa = PBXContainerItemProxy;
			containerPortal = B7425E23282C357900B6B0BF /* Project object */;
			proxyType = 1;
			remoteGlobalIDString = B7425E2A282C357B00B6B0BF;
			remoteInfo = SportsApp;
		};
/* End PBXContainerItemProxy section */

/* Begin PBXFileReference section */
		13F6B868F07FDD15819AFBDC /* Pods-SportsAppTests.debug.xcconfig */ = {isa = PBXFileReference; includeInIndex = 1; lastKnownFileType = text.xcconfig; name = "Pods-SportsAppTests.debug.xcconfig"; path = "Target Support Files/Pods-SportsAppTests/Pods-SportsAppTests.debug.xcconfig"; sourceTree = "<group>"; };
		3F2169D7283022BA0094B778 /* ComingEventsPresenter.swift */ = {isa = PBXFileReference; lastKnownFileType = sourcecode.swift; path = ComingEventsPresenter.swift; sourceTree = "<group>"; };
		3F2169D9283023250094B778 /* LatestEventsPresenter.swift */ = {isa = PBXFileReference; lastKnownFileType = sourcecode.swift; path = LatestEventsPresenter.swift; sourceTree = "<group>"; };
		3F2169DB2830233C0094B778 /* TeamsPresenter.swift */ = {isa = PBXFileReference; lastKnownFileType = sourcecode.swift; path = TeamsPresenter.swift; sourceTree = "<group>"; };
		3F2169E4283023DB0094B778 /* ComingEventsTableViewCell.swift */ = {isa = PBXFileReference; lastKnownFileType = sourcecode.swift; path = ComingEventsTableViewCell.swift; sourceTree = "<group>"; };
		3F2169E5283023DB0094B778 /* ComingEventsTableViewCell.xib */ = {isa = PBXFileReference; lastKnownFileType = file.xib; path = ComingEventsTableViewCell.xib; sourceTree = "<group>"; };
		3F2169E8283024060094B778 /* ComingEventsCollectionViewCell.swift */ = {isa = PBXFileReference; lastKnownFileType = sourcecode.swift; path = ComingEventsCollectionViewCell.swift; sourceTree = "<group>"; };
		3F2169E9283024060094B778 /* ComingEventsCollectionViewCell.xib */ = {isa = PBXFileReference; lastKnownFileType = file.xib; path = ComingEventsCollectionViewCell.xib; sourceTree = "<group>"; };
		3F2169EC283024250094B778 /* LatestEventsCollectionViewCell.swift */ = {isa = PBXFileReference; lastKnownFileType = sourcecode.swift; path = LatestEventsCollectionViewCell.swift; sourceTree = "<group>"; };
		3F2169ED283024250094B778 /* LatestEventsCollectionViewCell.xib */ = {isa = PBXFileReference; lastKnownFileType = file.xib; path = LatestEventsCollectionViewCell.xib; sourceTree = "<group>"; };
		3F2169F0283024420094B778 /* LatestEventsTableViewCell.swift */ = {isa = PBXFileReference; lastKnownFileType = sourcecode.swift; path = LatestEventsTableViewCell.swift; sourceTree = "<group>"; };
		3F2169F1283024420094B778 /* LatestEventsTableViewCell.xib */ = {isa = PBXFileReference; lastKnownFileType = file.xib; path = LatestEventsTableViewCell.xib; sourceTree = "<group>"; };
		3F2169F4283024A90094B778 /* TeamsCollectionViewCell.swift */ = {isa = PBXFileReference; lastKnownFileType = sourcecode.swift; path = TeamsCollectionViewCell.swift; sourceTree = "<group>"; };
		3F2169F5283024A90094B778 /* TeamsCollectionViewCell.xib */ = {isa = PBXFileReference; lastKnownFileType = file.xib; path = TeamsCollectionViewCell.xib; sourceTree = "<group>"; };
		3F2169F82830250C0094B778 /* TeamsTableViewCell.swift */ = {isa = PBXFileReference; lastKnownFileType = sourcecode.swift; path = TeamsTableViewCell.swift; sourceTree = "<group>"; };
		3F2169F92830250C0094B778 /* TeamsTableViewCell.xib */ = {isa = PBXFileReference; lastKnownFileType = file.xib; path = TeamsTableViewCell.xib; sourceTree = "<group>"; };
		3F3DA93928332A390024F9DF /* Team.swift */ = {isa = PBXFileReference; lastKnownFileType = sourcecode.swift; path = Team.swift; sourceTree = "<group>"; };
		3F3DA93B28332E7E0024F9DF /* EventResponse.swift */ = {isa = PBXFileReference; lastKnownFileType = sourcecode.swift; path = EventResponse.swift; sourceTree = "<group>"; };
		3F44E01A2834873F000D57F5 /* SecondVCViewController.swift */ = {isa = PBXFileReference; lastKnownFileType = sourcecode.swift; path = SecondVCViewController.swift; sourceTree = "<group>"; };
		3F8F1E7E28317C3600C3AD1B /* Todo.swift */ = {isa = PBXFileReference; lastKnownFileType = sourcecode.swift; path = Todo.swift; sourceTree = "<group>"; };
		3F8F1E8028317E8000C3AD1B /* NetworkServicesTow.swift */ = {isa = PBXFileReference; lastKnownFileType = sourcecode.swift; path = NetworkServicesTow.swift; sourceTree = "<group>"; };
		3F8F1E842831885700C3AD1B /* EventsViewController.swift */ = {isa = PBXFileReference; lastKnownFileType = sourcecode.swift; path = EventsViewController.swift; sourceTree = "<group>"; };
		3FD612AD2836BD4500D640DF /* TeamDetailesViewController.swift */ = {isa = PBXFileReference; lastKnownFileType = sourcecode.swift; path = TeamDetailesViewController.swift; sourceTree = "<group>"; };
		3FD612F728371CA400D640DF /* CoreDataManager.swift */ = {isa = PBXFileReference; lastKnownFileType = sourcecode.swift; path = CoreDataManager.swift; sourceTree = "<group>"; };
		3FD612F92837327500D640DF /* CoreDataMangerProtocol.swift */ = {isa = PBXFileReference; lastKnownFileType = sourcecode.swift; path = CoreDataMangerProtocol.swift; sourceTree = "<group>"; };
		3FD612FE2837FEFF00D640DF /* CoreDataPresenter.swift */ = {isa = PBXFileReference; lastKnownFileType = sourcecode.swift; path = CoreDataPresenter.swift; sourceTree = "<group>"; };
		3FD61304283830C200D640DF /* SavingLeague+CoreDataClass.swift */ = {isa = PBXFileReference; lastKnownFileType = sourcecode.swift; path = "SavingLeague+CoreDataClass.swift"; sourceTree = "<group>"; };
		3FD61305283830C200D640DF /* SavingLeague+CoreDataProperties.swift */ = {isa = PBXFileReference; lastKnownFileType = sourcecode.swift; path = "SavingLeague+CoreDataProperties.swift"; sourceTree = "<group>"; };
		6B4E67FA96099194C3831F1C /* Pods_SportsApp.framework */ = {isa = PBXFileReference; explicitFileType = wrapper.framework; includeInIndex = 0; path = Pods_SportsApp.framework; sourceTree = BUILT_PRODUCTS_DIR; };
		88C2E5187E2F24BA3A6EA23F /* Pods-SportsApp.debug.xcconfig */ = {isa = PBXFileReference; includeInIndex = 1; lastKnownFileType = text.xcconfig; name = "Pods-SportsApp.debug.xcconfig"; path = "Target Support Files/Pods-SportsApp/Pods-SportsApp.debug.xcconfig"; sourceTree = "<group>"; };
		9CF7276905527765C5B8E3A4 /* Pods-SportsAppTests.release.xcconfig */ = {isa = PBXFileReference; includeInIndex = 1; lastKnownFileType = text.xcconfig; name = "Pods-SportsAppTests.release.xcconfig"; path = "Target Support Files/Pods-SportsAppTests/Pods-SportsAppTests.release.xcconfig"; sourceTree = "<group>"; };
		AAFC8CD830E42D3DD493BC2E /* Pods_SportsAppTests.framework */ = {isa = PBXFileReference; explicitFileType = wrapper.framework; includeInIndex = 0; path = Pods_SportsAppTests.framework; sourceTree = BUILT_PRODUCTS_DIR; };
		B725D82F2832B5B100D9C54E /* LeaguesTableViewCell.swift */ = {isa = PBXFileReference; lastKnownFileType = sourcecode.swift; path = LeaguesTableViewCell.swift; sourceTree = "<group>"; };
		B725D8302832B5B100D9C54E /* LeaguesTableViewCell.xib */ = {isa = PBXFileReference; lastKnownFileType = file.xib; path = LeaguesTableViewCell.xib; sourceTree = "<group>"; };
		B725D8372832BF0C00D9C54E /* FavouritePresenter.swift */ = {isa = PBXFileReference; lastKnownFileType = sourcecode.swift; path = FavouritePresenter.swift; sourceTree = "<group>"; };
		B725D8392832BF3100D9C54E /* FavouriteViewController.swift */ = {isa = PBXFileReference; lastKnownFileType = sourcecode.swift; path = FavouriteViewController.swift; sourceTree = "<group>"; };
		B725D83B2832C78800D9C54E /* DBManager.swift */ = {isa = PBXFileReference; lastKnownFileType = sourcecode.swift; path = DBManager.swift; sourceTree = "<group>"; };
		B725D83D2832CDFE00D9C54E /* BDManagerProtocol.swift */ = {isa = PBXFileReference; lastKnownFileType = sourcecode.swift; path = BDManagerProtocol.swift; sourceTree = "<group>"; };
		B725D8432832EF5F00D9C54E /* FavouriteTableViewCell.swift */ = {isa = PBXFileReference; lastKnownFileType = sourcecode.swift; path = FavouriteTableViewCell.swift; sourceTree = "<group>"; };
		B725D8442832EF5F00D9C54E /* FavouriteTableViewCell.xib */ = {isa = PBXFileReference; lastKnownFileType = file.xib; path = FavouriteTableViewCell.xib; sourceTree = "<group>"; };
		B7425E2B282C357B00B6B0BF /* SportsApp.app */ = {isa = PBXFileReference; explicitFileType = wrapper.application; includeInIndex = 0; path = SportsApp.app; sourceTree = BUILT_PRODUCTS_DIR; };
		B7425E2E282C357B00B6B0BF /* AppDelegate.swift */ = {isa = PBXFileReference; lastKnownFileType = sourcecode.swift; path = AppDelegate.swift; sourceTree = "<group>"; };
		B7425E30282C357B00B6B0BF /* SceneDelegate.swift */ = {isa = PBXFileReference; lastKnownFileType = sourcecode.swift; path = SceneDelegate.swift; sourceTree = "<group>"; };
		B7425E32282C357B00B6B0BF /* ViewController.swift */ = {isa = PBXFileReference; lastKnownFileType = sourcecode.swift; path = ViewController.swift; sourceTree = "<group>"; };
		B7425E35282C357C00B6B0BF /* Base */ = {isa = PBXFileReference; lastKnownFileType = file.storyboard; name = Base; path = Base.lproj/Main.storyboard; sourceTree = "<group>"; };
		B7425E38282C357C00B6B0BF /* SportsApp.xcdatamodel */ = {isa = PBXFileReference; lastKnownFileType = wrapper.xcdatamodel; path = SportsApp.xcdatamodel; sourceTree = "<group>"; };
		B7425E3A282C359800B6B0BF /* Assets.xcassets */ = {isa = PBXFileReference; lastKnownFileType = folder.assetcatalog; path = Assets.xcassets; sourceTree = "<group>"; };
		B7425E3D282C359800B6B0BF /* Base */ = {isa = PBXFileReference; lastKnownFileType = file.storyboard; name = Base; path = Base.lproj/LaunchScreen.storyboard; sourceTree = "<group>"; };
		B7425E3F282C359800B6B0BF /* Info.plist */ = {isa = PBXFileReference; lastKnownFileType = text.plist.xml; path = Info.plist; sourceTree = "<group>"; };
		B7425E44282C359A00B6B0BF /* SportsAppTests.xctest */ = {isa = PBXFileReference; explicitFileType = wrapper.cfbundle; includeInIndex = 0; path = SportsAppTests.xctest; sourceTree = BUILT_PRODUCTS_DIR; };
		B7425E48282C359A00B6B0BF /* SportsAppTests.swift */ = {isa = PBXFileReference; lastKnownFileType = sourcecode.swift; path = SportsAppTests.swift; sourceTree = "<group>"; };
		B7425E4A282C359A00B6B0BF /* Info.plist */ = {isa = PBXFileReference; lastKnownFileType = text.plist.xml; path = Info.plist; sourceTree = "<group>"; };
		B796AD25282E79C300314198 /* NetworkManagerTests.swift */ = {isa = PBXFileReference; lastKnownFileType = sourcecode.swift; path = NetworkManagerTests.swift; sourceTree = "<group>"; };
		B796AD28282E817800314198 /* AllLeagues.swift */ = {isa = PBXFileReference; lastKnownFileType = sourcecode.swift; path = AllLeagues.swift; sourceTree = "<group>"; };
		B796AD2A282E819100314198 /* League.swift */ = {isa = PBXFileReference; lastKnownFileType = sourcecode.swift; path = League.swift; sourceTree = "<group>"; };
		B796AD2C282E89AD00314198 /* HomePresenter.swift */ = {isa = PBXFileReference; lastKnownFileType = sourcecode.swift; path = HomePresenter.swift; sourceTree = "<group>"; };
		B796AD31282EC59600314198 /* LeaguesPresenter.swift */ = {isa = PBXFileReference; lastKnownFileType = sourcecode.swift; path = LeaguesPresenter.swift; sourceTree = "<group>"; };
		B796AD38282EDE4200314198 /* LeaguesViewController.swift */ = {isa = PBXFileReference; lastKnownFileType = sourcecode.swift; path = LeaguesViewController.swift; sourceTree = "<group>"; };
		B7CB6F66282D3594000C25A0 /* HomeCollectionViewCell.swift */ = {isa = PBXFileReference; lastKnownFileType = sourcecode.swift; path = HomeCollectionViewCell.swift; sourceTree = "<group>"; };
		B7CB6F6F282D3FE6000C25A0 /* Sport.swift */ = {isa = PBXFileReference; lastKnownFileType = sourcecode.swift; path = Sport.swift; sourceTree = "<group>"; };
		B7CB6F71282D4072000C25A0 /* NetworkManager.swift */ = {isa = PBXFileReference; lastKnownFileType = sourcecode.swift; path = NetworkManager.swift; sourceTree = "<group>"; };
		B7CB6F73282D408B000C25A0 /* AllSports.swift */ = {isa = PBXFileReference; lastKnownFileType = sourcecode.swift; path = AllSports.swift; sourceTree = "<group>"; };
		B7CB6F75282D42F0000C25A0 /* NetworkManagerProtocol.swift */ = {isa = PBXFileReference; lastKnownFileType = sourcecode.swift; path = NetworkManagerProtocol.swift; sourceTree = "<group>"; };
		B7CB6F77282D4358000C25A0 /* Constants.swift */ = {isa = PBXFileReference; lastKnownFileType = sourcecode.swift; path = Constants.swift; sourceTree = "<group>"; };
		BCA13648950DDBA39A661188 /* Pods-SportsApp.release.xcconfig */ = {isa = PBXFileReference; includeInIndex = 1; lastKnownFileType = text.xcconfig; name = "Pods-SportsApp.release.xcconfig"; path = "Target Support Files/Pods-SportsApp/Pods-SportsApp.release.xcconfig"; sourceTree = "<group>"; };
/* End PBXFileReference section */

/* Begin PBXFrameworksBuildPhase section */
		B7425E28282C357B00B6B0BF /* Frameworks */ = {
			isa = PBXFrameworksBuildPhase;
			buildActionMask = 2147483647;
			files = (
				4E0F69A457BF911E9C2B8CCE /* Pods_SportsApp.framework in Frameworks */,
			);
			runOnlyForDeploymentPostprocessing = 0;
		};
		B7425E41282C359A00B6B0BF /* Frameworks */ = {
			isa = PBXFrameworksBuildPhase;
			buildActionMask = 2147483647;
			files = (
				A121658879D3CA6B823ABB45 /* Pods_SportsAppTests.framework in Frameworks */,
			);
			runOnlyForDeploymentPostprocessing = 0;
		};
/* End PBXFrameworksBuildPhase section */

/* Begin PBXGroup section */
		2CA69F59BC0ACDE7CDA32BFD /* Pods */ = {
			isa = PBXGroup;
			children = (
				88C2E5187E2F24BA3A6EA23F /* Pods-SportsApp.debug.xcconfig */,
				BCA13648950DDBA39A661188 /* Pods-SportsApp.release.xcconfig */,
				13F6B868F07FDD15819AFBDC /* Pods-SportsAppTests.debug.xcconfig */,
				9CF7276905527765C5B8E3A4 /* Pods-SportsAppTests.release.xcconfig */,
			);
			path = Pods;
			sourceTree = "<group>";
		};
		3F2169CA2830216D0094B778 /* DetailesScreen */ = {
			isa = PBXGroup;
			children = (
				3F2169FC283025EB0094B778 /* DetailesView */,
				3F2169D02830221D0094B778 /* ComingEvent */,
				3F2169CF283022110094B778 /* LatestEvent */,
				3F2169CE283022080094B778 /* Teams */,
			);
			path = DetailesScreen;
			sourceTree = "<group>";
		};
		3F2169CE283022080094B778 /* Teams */ = {
			isa = PBXGroup;
			children = (
				3F2169D6283022720094B778 /* Presenter */,
				3F2169D52830226A0094B778 /* View */,
				3F44E01A2834873F000D57F5 /* SecondVCViewController.swift */,
			);
			path = Teams;
			sourceTree = "<group>";
		};
		3F2169CF283022110094B778 /* LatestEvent */ = {
			isa = PBXGroup;
			children = (
				3F2169D42830225C0094B778 /* Presenter */,
				3F2169D3283022540094B778 /* View */,
			);
			path = LatestEvent;
			sourceTree = "<group>";
		};
		3F2169D02830221D0094B778 /* ComingEvent */ = {
			isa = PBXGroup;
			children = (
				3F2169D2283022480094B778 /* Presenter */,
				3F2169D12830223A0094B778 /* View */,
			);
			path = ComingEvent;
			sourceTree = "<group>";
		};
		3F2169D12830223A0094B778 /* View */ = {
			isa = PBXGroup;
			children = (
				3F2169DE2830236B0094B778 /* CollectionCell */,
				3F2169DD2830235D0094B778 /* TableCell */,
			);
			path = View;
			sourceTree = "<group>";
		};
		3F2169D2283022480094B778 /* Presenter */ = {
			isa = PBXGroup;
			children = (
				3F2169D7283022BA0094B778 /* ComingEventsPresenter.swift */,
			);
			path = Presenter;
			sourceTree = "<group>";
		};
		3F2169D3283022540094B778 /* View */ = {
			isa = PBXGroup;
			children = (
				3F2169E0283023800094B778 /* CollectionCell */,
				3F2169DF283023780094B778 /* TableCell */,
			);
			path = View;
			sourceTree = "<group>";
		};
		3F2169D42830225C0094B778 /* Presenter */ = {
			isa = PBXGroup;
			children = (
				3F2169D9283023250094B778 /* LatestEventsPresenter.swift */,
			);
			path = Presenter;
			sourceTree = "<group>";
		};
		3F2169D52830226A0094B778 /* View */ = {
			isa = PBXGroup;
			children = (
				3F2169E2283023960094B778 /* CollectionCell */,
				3F2169E12830238D0094B778 /* TableCell */,
			);
			path = View;
			sourceTree = "<group>";
		};
		3F2169D6283022720094B778 /* Presenter */ = {
			isa = PBXGroup;
			children = (
				3F2169DB2830233C0094B778 /* TeamsPresenter.swift */,
			);
			path = Presenter;
			sourceTree = "<group>";
		};
		3F2169DD2830235D0094B778 /* TableCell */ = {
			isa = PBXGroup;
			children = (
				3F2169E4283023DB0094B778 /* ComingEventsTableViewCell.swift */,
				3F2169E5283023DB0094B778 /* ComingEventsTableViewCell.xib */,
			);
			path = TableCell;
			sourceTree = "<group>";
		};
		3F2169DE2830236B0094B778 /* CollectionCell */ = {
			isa = PBXGroup;
			children = (
				3F2169E8283024060094B778 /* ComingEventsCollectionViewCell.swift */,
				3F2169E9283024060094B778 /* ComingEventsCollectionViewCell.xib */,
			);
			path = CollectionCell;
			sourceTree = "<group>";
		};
		3F2169DF283023780094B778 /* TableCell */ = {
			isa = PBXGroup;
			children = (
				3F2169F0283024420094B778 /* LatestEventsTableViewCell.swift */,
				3F2169F1283024420094B778 /* LatestEventsTableViewCell.xib */,
			);
			path = TableCell;
			sourceTree = "<group>";
		};
		3F2169E0283023800094B778 /* CollectionCell */ = {
			isa = PBXGroup;
			children = (
				3F2169EC283024250094B778 /* LatestEventsCollectionViewCell.swift */,
				3F2169ED283024250094B778 /* LatestEventsCollectionViewCell.xib */,
			);
			path = CollectionCell;
			sourceTree = "<group>";
		};
		3F2169E12830238D0094B778 /* TableCell */ = {
			isa = PBXGroup;
			children = (
				3F2169F82830250C0094B778 /* TeamsTableViewCell.swift */,
				3F2169F92830250C0094B778 /* TeamsTableViewCell.xib */,
			);
			path = TableCell;
			sourceTree = "<group>";
		};
		3F2169E2283023960094B778 /* CollectionCell */ = {
			isa = PBXGroup;
			children = (
				3F2169F4283024A90094B778 /* TeamsCollectionViewCell.swift */,
				3F2169F5283024A90094B778 /* TeamsCollectionViewCell.xib */,
			);
			path = CollectionCell;
			sourceTree = "<group>";
		};
		3F2169FC283025EB0094B778 /* DetailesView */ = {
			isa = PBXGroup;
			children = (
				3F8F1E8028317E8000C3AD1B /* NetworkServicesTow.swift */,
				3F8F1E842831885700C3AD1B /* EventsViewController.swift */,
			);
			path = DetailesView;
			sourceTree = "<group>";
		};
		3FD612AA2836BCC500D640DF /* TeamDetailes */ = {
			isa = PBXGroup;
			children = (
				3FD612AB2836BD1700D640DF /* View */,
			);
			path = TeamDetailes;
			sourceTree = "<group>";
		};
		3FD612AB2836BD1700D640DF /* View */ = {
			isa = PBXGroup;
			children = (
				3FD612AD2836BD4500D640DF /* TeamDetailesViewController.swift */,
			);
			path = View;
			sourceTree = "<group>";
		};
		3FD612F628371C5F00D640DF /* CoreDataTow */ = {
			isa = PBXGroup;
			children = (
				3FD612F728371CA400D640DF /* CoreDataManager.swift */,
				3FD612F92837327500D640DF /* CoreDataMangerProtocol.swift */,
				3FD612FE2837FEFF00D640DF /* CoreDataPresenter.swift */,
			);
			path = CoreDataTow;
			sourceTree = "<group>";
		};
		9ED6401B4B447E7282AA9F1C /* Frameworks */ = {
			isa = PBXGroup;
			children = (
				6B4E67FA96099194C3831F1C /* Pods_SportsApp.framework */,
				AAFC8CD830E42D3DD493BC2E /* Pods_SportsAppTests.framework */,
			);
			name = Frameworks;
			sourceTree = "<group>";
		};
		B725D8332832BEB900D9C54E /* CoreData */ = {
			isa = PBXGroup;
			children = (
				B725D83B2832C78800D9C54E /* DBManager.swift */,
				B725D83D2832CDFE00D9C54E /* BDManagerProtocol.swift */,
			);
			path = CoreData;
			sourceTree = "<group>";
		};
		B725D8342832BECC00D9C54E /* FavouriteScreen */ = {
			isa = PBXGroup;
			children = (
				B725D8362832BEE100D9C54E /* Presenter */,
				B725D8352832BED900D9C54E /* View */,
			);
			path = FavouriteScreen;
			sourceTree = "<group>";
		};
		B725D8352832BED900D9C54E /* View */ = {
			isa = PBXGroup;
			children = (
				B725D8392832BF3100D9C54E /* FavouriteViewController.swift */,
				B725D8432832EF5F00D9C54E /* FavouriteTableViewCell.swift */,
				B725D8442832EF5F00D9C54E /* FavouriteTableViewCell.xib */,
			);
			path = View;
			sourceTree = "<group>";
		};
		B725D8362832BEE100D9C54E /* Presenter */ = {
			isa = PBXGroup;
			children = (
				B725D8372832BF0C00D9C54E /* FavouritePresenter.swift */,
			);
			path = Presenter;
			sourceTree = "<group>";
		};
		B7425E22282C357800B6B0BF = {
			isa = PBXGroup;
			children = (
				3FD61304283830C200D640DF /* SavingLeague+CoreDataClass.swift */,
				3FD61305283830C200D640DF /* SavingLeague+CoreDataProperties.swift */,
				B7425E2D282C357B00B6B0BF /* SportsApp */,
				B7425E47282C359A00B6B0BF /* SportsAppTests */,
				B7425E2C282C357B00B6B0BF /* Products */,
				2CA69F59BC0ACDE7CDA32BFD /* Pods */,
				9ED6401B4B447E7282AA9F1C /* Frameworks */,
			);
			sourceTree = "<group>";
		};
		B7425E2C282C357B00B6B0BF /* Products */ = {
			isa = PBXGroup;
			children = (
				B7425E2B282C357B00B6B0BF /* SportsApp.app */,
				B7425E44282C359A00B6B0BF /* SportsAppTests.xctest */,
			);
			name = Products;
			sourceTree = "<group>";
		};
		B7425E2D282C357B00B6B0BF /* SportsApp */ = {
			isa = PBXGroup;
			children = (
				B7CB6F69282D3E66000C25A0 /* Model */,
				B7CB6F68282D3E5A000C25A0 /* Module */,
				B7425E53282C35EE00B6B0BF /* View */,
				B7425E2E282C357B00B6B0BF /* AppDelegate.swift */,
				B7425E30282C357B00B6B0BF /* SceneDelegate.swift */,
				B7425E3F282C359800B6B0BF /* Info.plist */,
				B7425E37282C357C00B6B0BF /* SportsApp.xcdatamodeld */,
			);
			path = SportsApp;
			sourceTree = "<group>";
		};
		B7425E47282C359A00B6B0BF /* SportsAppTests */ = {
			isa = PBXGroup;
			children = (
				B796AD25282E79C300314198 /* NetworkManagerTests.swift */,
				B7425E48282C359A00B6B0BF /* SportsAppTests.swift */,
				B7425E4A282C359A00B6B0BF /* Info.plist */,
			);
			path = SportsAppTests;
			sourceTree = "<group>";
		};
		B7425E53282C35EE00B6B0BF /* View */ = {
			isa = PBXGroup;
			children = (
				B7425E3C282C359800B6B0BF /* LaunchScreen.storyboard */,
				B7425E3A282C359800B6B0BF /* Assets.xcassets */,
				B7425E34282C357C00B6B0BF /* Main.storyboard */,
			);
			path = View;
			sourceTree = "<group>";
		};
		B796AD2E282EC33900314198 /* LeagueScreen */ = {
			isa = PBXGroup;
			children = (
				B796AD30282EC34E00314198 /* Presenter */,
				B796AD2F282EC34700314198 /* View */,
			);
			path = LeagueScreen;
			sourceTree = "<group>";
		};
		B796AD2F282EC34700314198 /* View */ = {
			isa = PBXGroup;
			children = (
				B796AD38282EDE4200314198 /* LeaguesViewController.swift */,
				B725D82F2832B5B100D9C54E /* LeaguesTableViewCell.swift */,
				B725D8302832B5B100D9C54E /* LeaguesTableViewCell.xib */,
			);
			path = View;
			sourceTree = "<group>";
		};
		B796AD30282EC34E00314198 /* Presenter */ = {
			isa = PBXGroup;
			children = (
				B796AD31282EC59600314198 /* LeaguesPresenter.swift */,
			);
			path = Presenter;
			sourceTree = "<group>";
		};
		B7CB6F68282D3E5A000C25A0 /* Module */ = {
			isa = PBXGroup;
			children = (
				B725D8342832BECC00D9C54E /* FavouriteScreen */,
				3F2169CA2830216D0094B778 /* DetailesScreen */,
				3FD612AA2836BCC500D640DF /* TeamDetailes */,
				B796AD2E282EC33900314198 /* LeagueScreen */,
				B7CB6F6C282D3E87000C25A0 /* HomeScreen */,
			);
			path = Module;
			sourceTree = "<group>";
		};
		B7CB6F69282D3E66000C25A0 /* Model */ = {
			isa = PBXGroup;
			children = (
				B7CB6F6A282D3E6E000C25A0 /* Services */,
				B7CB6F6F282D3FE6000C25A0 /* Sport.swift */,
				B7CB6F73282D408B000C25A0 /* AllSports.swift */,
				B7CB6F77282D4358000C25A0 /* Constants.swift */,
				B796AD28282E817800314198 /* AllLeagues.swift */,
				B796AD2A282E819100314198 /* League.swift */,
				3F8F1E7E28317C3600C3AD1B /* Todo.swift */,
				3F3DA93928332A390024F9DF /* Team.swift */,
				3F3DA93B28332E7E0024F9DF /* EventResponse.swift */,
			);
			path = Model;
			sourceTree = "<group>";
		};
		B7CB6F6A282D3E6E000C25A0 /* Services */ = {
			isa = PBXGroup;
			children = (
				3FD612F628371C5F00D640DF /* CoreDataTow */,
				B725D8332832BEB900D9C54E /* CoreData */,
				B7CB6F6B282D3E7D000C25A0 /* Networking */,
			);
			path = Services;
			sourceTree = "<group>";
		};
		B7CB6F6B282D3E7D000C25A0 /* Networking */ = {
			isa = PBXGroup;
			children = (
				B7CB6F71282D4072000C25A0 /* NetworkManager.swift */,
				B7CB6F75282D42F0000C25A0 /* NetworkManagerProtocol.swift */,
			);
			path = Networking;
			sourceTree = "<group>";
		};
		B7CB6F6C282D3E87000C25A0 /* HomeScreen */ = {
			isa = PBXGroup;
			children = (
				B7CB6F6E282D3EB4000C25A0 /* Presenter */,
				B7CB6F6D282D3EA7000C25A0 /* View */,
			);
			path = HomeScreen;
			sourceTree = "<group>";
		};
		B7CB6F6D282D3EA7000C25A0 /* View */ = {
			isa = PBXGroup;
			children = (
				B7CB6F66282D3594000C25A0 /* HomeCollectionViewCell.swift */,
				B7425E32282C357B00B6B0BF /* ViewController.swift */,
			);
			path = View;
			sourceTree = "<group>";
		};
		B7CB6F6E282D3EB4000C25A0 /* Presenter */ = {
			isa = PBXGroup;
			children = (
				B796AD2C282E89AD00314198 /* HomePresenter.swift */,
			);
			path = Presenter;
			sourceTree = "<group>";
		};
/* End PBXGroup section */

/* Begin PBXNativeTarget section */
		B7425E2A282C357B00B6B0BF /* SportsApp */ = {
			isa = PBXNativeTarget;
			buildConfigurationList = B7425E4D282C359A00B6B0BF /* Build configuration list for PBXNativeTarget "SportsApp" */;
			buildPhases = (
				DE2C900A1E2145C3B6AEE149 /* [CP] Check Pods Manifest.lock */,
				B7425E27282C357B00B6B0BF /* Sources */,
				B7425E28282C357B00B6B0BF /* Frameworks */,
				B7425E29282C357B00B6B0BF /* Resources */,
				174FF17A0023000F4A993154 /* [CP] Embed Pods Frameworks */,
			);
			buildRules = (
			);
			dependencies = (
			);
			name = SportsApp;
			productName = SportsApp;
			productReference = B7425E2B282C357B00B6B0BF /* SportsApp.app */;
			productType = "com.apple.product-type.application";
		};
		B7425E43282C359A00B6B0BF /* SportsAppTests */ = {
			isa = PBXNativeTarget;
			buildConfigurationList = B7425E50282C359A00B6B0BF /* Build configuration list for PBXNativeTarget "SportsAppTests" */;
			buildPhases = (
				33952ED01A2480C0380A39A1 /* [CP] Check Pods Manifest.lock */,
				B7425E40282C359A00B6B0BF /* Sources */,
				B7425E41282C359A00B6B0BF /* Frameworks */,
				B7425E42282C359A00B6B0BF /* Resources */,
			);
			buildRules = (
			);
			dependencies = (
				B7425E46282C359A00B6B0BF /* PBXTargetDependency */,
			);
			name = SportsAppTests;
			productName = SportsAppTests;
			productReference = B7425E44282C359A00B6B0BF /* SportsAppTests.xctest */;
			productType = "com.apple.product-type.bundle.unit-test";
		};
/* End PBXNativeTarget section */

/* Begin PBXProject section */
		B7425E23282C357900B6B0BF /* Project object */ = {
			isa = PBXProject;
			attributes = {
				LastSwiftUpdateCheck = 1100;
				LastUpgradeCheck = 1100;
				ORGANIZATIONNAME = NayraKhaled;
				TargetAttributes = {
					B7425E2A282C357B00B6B0BF = {
						CreatedOnToolsVersion = 11.0;
					};
					B7425E43282C359A00B6B0BF = {
						CreatedOnToolsVersion = 11.0;
						TestTargetID = B7425E2A282C357B00B6B0BF;
					};
				};
			};
			buildConfigurationList = B7425E26282C357A00B6B0BF /* Build configuration list for PBXProject "SportsApp" */;
			compatibilityVersion = "Xcode 9.3";
			developmentRegion = en;
			hasScannedForEncodings = 0;
			knownRegions = (
				en,
				Base,
			);
			mainGroup = B7425E22282C357800B6B0BF;
			productRefGroup = B7425E2C282C357B00B6B0BF /* Products */;
			projectDirPath = "";
			projectRoot = "";
			targets = (
				B7425E2A282C357B00B6B0BF /* SportsApp */,
				B7425E43282C359A00B6B0BF /* SportsAppTests */,
			);
		};
/* End PBXProject section */

/* Begin PBXResourcesBuildPhase section */
		B7425E29282C357B00B6B0BF /* Resources */ = {
			isa = PBXResourcesBuildPhase;
			buildActionMask = 2147483647;
			files = (
				B7425E3E282C359800B6B0BF /* LaunchScreen.storyboard in Resources */,
				B7425E3B282C359800B6B0BF /* Assets.xcassets in Resources */,
				3F2169EF283024250094B778 /* LatestEventsCollectionViewCell.xib in Resources */,
				3F2169FB2830250C0094B778 /* TeamsTableViewCell.xib in Resources */,
				B7425E36282C357C00B6B0BF /* Main.storyboard in Resources */,
				3F2169F3283024420094B778 /* LatestEventsTableViewCell.xib in Resources */,
				3F2169F7283024A90094B778 /* TeamsCollectionViewCell.xib in Resources */,
				3F2169E7283023DB0094B778 /* ComingEventsTableViewCell.xib in Resources */,
				B725D8322832B5B100D9C54E /* LeaguesTableViewCell.xib in Resources */,
				3F2169EB283024060094B778 /* ComingEventsCollectionViewCell.xib in Resources */,
				B725D8462832EF5F00D9C54E /* FavouriteTableViewCell.xib in Resources */,
			);
			runOnlyForDeploymentPostprocessing = 0;
		};
		B7425E42282C359A00B6B0BF /* Resources */ = {
			isa = PBXResourcesBuildPhase;
			buildActionMask = 2147483647;
			files = (
			);
			runOnlyForDeploymentPostprocessing = 0;
		};
/* End PBXResourcesBuildPhase section */

/* Begin PBXShellScriptBuildPhase section */
		174FF17A0023000F4A993154 /* [CP] Embed Pods Frameworks */ = {
			isa = PBXShellScriptBuildPhase;
			buildActionMask = 2147483647;
			files = (
			);
			inputFileListPaths = (
				"${PODS_ROOT}/Target Support Files/Pods-SportsApp/Pods-SportsApp-frameworks-${CONFIGURATION}-input-files.xcfilelist",
			);
			name = "[CP] Embed Pods Frameworks";
			outputFileListPaths = (
				"${PODS_ROOT}/Target Support Files/Pods-SportsApp/Pods-SportsApp-frameworks-${CONFIGURATION}-output-files.xcfilelist",
			);
			runOnlyForDeploymentPostprocessing = 0;
			shellPath = /bin/sh;
			shellScript = "\"${PODS_ROOT}/Target Support Files/Pods-SportsApp/Pods-SportsApp-frameworks.sh\"\n";
			showEnvVarsInLog = 0;
		};
		33952ED01A2480C0380A39A1 /* [CP] Check Pods Manifest.lock */ = {
			isa = PBXShellScriptBuildPhase;
			buildActionMask = 2147483647;
			files = (
			);
			inputFileListPaths = (
			);
			inputPaths = (
				"${PODS_PODFILE_DIR_PATH}/Podfile.lock",
				"${PODS_ROOT}/Manifest.lock",
			);
			name = "[CP] Check Pods Manifest.lock";
			outputFileListPaths = (
			);
			outputPaths = (
				"$(DERIVED_FILE_DIR)/Pods-SportsAppTests-checkManifestLockResult.txt",
			);
			runOnlyForDeploymentPostprocessing = 0;
			shellPath = /bin/sh;
			shellScript = "diff \"${PODS_PODFILE_DIR_PATH}/Podfile.lock\" \"${PODS_ROOT}/Manifest.lock\" > /dev/null\nif [ $? != 0 ] ; then\n    # print error to STDERR\n    echo \"error: The sandbox is not in sync with the Podfile.lock. Run 'pod install' or update your CocoaPods installation.\" >&2\n    exit 1\nfi\n# This output is used by Xcode 'outputs' to avoid re-running this script phase.\necho \"SUCCESS\" > \"${SCRIPT_OUTPUT_FILE_0}\"\n";
			showEnvVarsInLog = 0;
		};
		DE2C900A1E2145C3B6AEE149 /* [CP] Check Pods Manifest.lock */ = {
			isa = PBXShellScriptBuildPhase;
			buildActionMask = 2147483647;
			files = (
			);
			inputFileListPaths = (
			);
			inputPaths = (
				"${PODS_PODFILE_DIR_PATH}/Podfile.lock",
				"${PODS_ROOT}/Manifest.lock",
			);
			name = "[CP] Check Pods Manifest.lock";
			outputFileListPaths = (
			);
			outputPaths = (
				"$(DERIVED_FILE_DIR)/Pods-SportsApp-checkManifestLockResult.txt",
			);
			runOnlyForDeploymentPostprocessing = 0;
			shellPath = /bin/sh;
			shellScript = "diff \"${PODS_PODFILE_DIR_PATH}/Podfile.lock\" \"${PODS_ROOT}/Manifest.lock\" > /dev/null\nif [ $? != 0 ] ; then\n    # print error to STDERR\n    echo \"error: The sandbox is not in sync with the Podfile.lock. Run 'pod install' or update your CocoaPods installation.\" >&2\n    exit 1\nfi\n# This output is used by Xcode 'outputs' to avoid re-running this script phase.\necho \"SUCCESS\" > \"${SCRIPT_OUTPUT_FILE_0}\"\n";
			showEnvVarsInLog = 0;
		};
/* End PBXShellScriptBuildPhase section */

/* Begin PBXSourcesBuildPhase section */
		B7425E27282C357B00B6B0BF /* Sources */ = {
			isa = PBXSourcesBuildPhase;
			buildActionMask = 2147483647;
			files = (
				B7425E33282C357B00B6B0BF /* ViewController.swift in Sources */,
				B725D8452832EF5F00D9C54E /* FavouriteTableViewCell.swift in Sources */,
				B796AD29282E817800314198 /* AllLeagues.swift in Sources */,
				3F3DA93C28332E7E0024F9DF /* EventResponse.swift in Sources */,
				3F2169D8283022BA0094B778 /* ComingEventsPresenter.swift in Sources */,
				B796AD3A282EDE4300314198 /* LeaguesViewController.swift in Sources */,
				B725D8312832B5B100D9C54E /* LeaguesTableViewCell.swift in Sources */,
				B7CB6F76282D42F0000C25A0 /* NetworkManagerProtocol.swift in Sources */,
				B7425E2F282C357B00B6B0BF /* AppDelegate.swift in Sources */,
				B7425E39282C357C00B6B0BF /* SportsApp.xcdatamodeld in Sources */,
				B725D83E2832CDFE00D9C54E /* BDManagerProtocol.swift in Sources */,
				3FD612FA2837327500D640DF /* CoreDataMangerProtocol.swift in Sources */,
				B7CB6F72282D4072000C25A0 /* NetworkManager.swift in Sources */,
				B725D83A2832BF3100D9C54E /* FavouriteViewController.swift in Sources */,
				3FD61307283830C200D640DF /* SavingLeague+CoreDataProperties.swift in Sources */,
				3F8F1E852831885700C3AD1B /* EventsViewController.swift in Sources */,
				B725D83C2832C78800D9C54E /* DBManager.swift in Sources */,
				3F44E01B2834873F000D57F5 /* SecondVCViewController.swift in Sources */,
				B7CB6F78282D4358000C25A0 /* Constants.swift in Sources */,
				3F2169F6283024A90094B778 /* TeamsCollectionViewCell.swift in Sources */,
				B7425E31282C357B00B6B0BF /* SceneDelegate.swift in Sources */,
				3F2169EA283024060094B778 /* ComingEventsCollectionViewCell.swift in Sources */,
				B7CB6F70282D3FE6000C25A0 /* Sport.swift in Sources */,
				3F2169FA2830250C0094B778 /* TeamsTableViewCell.swift in Sources */,
				B725D8382832BF0C00D9C54E /* FavouritePresenter.swift in Sources */,
				B796AD32282EC59600314198 /* LeaguesPresenter.swift in Sources */,
				3F3DA93A28332A390024F9DF /* Team.swift in Sources */,
				3F8F1E8128317E8000C3AD1B /* NetworkServicesTow.swift in Sources */,
				3F2169DC2830233C0094B778 /* TeamsPresenter.swift in Sources */,
				3F2169DA283023250094B778 /* LatestEventsPresenter.swift in Sources */,
				3FD612F828371CA400D640DF /* CoreDataManager.swift in Sources */,
				3F8F1E7F28317C3600C3AD1B /* Todo.swift in Sources */,
				B796AD2D282E89AD00314198 /* HomePresenter.swift in Sources */,
				3F2169EE283024250094B778 /* LatestEventsCollectionViewCell.swift in Sources */,
				B7CB6F74282D408B000C25A0 /* AllSports.swift in Sources */,
				B796AD2B282E819100314198 /* League.swift in Sources */,
				3F2169F2283024420094B778 /* LatestEventsTableViewCell.swift in Sources */,
				3FD612FF2837FEFF00D640DF /* CoreDataPresenter.swift in Sources */,
				3FD612AE2836BD4500D640DF /* TeamDetailesViewController.swift in Sources */,
				B7CB6F67282D3594000C25A0 /* HomeCollectionViewCell.swift in Sources */,
				3FD61306283830C200D640DF /* SavingLeague+CoreDataClass.swift in Sources */,
				3F2169E6283023DB0094B778 /* ComingEventsTableViewCell.swift in Sources */,
			);
			runOnlyForDeploymentPostprocessing = 0;
		};
		B7425E40282C359A00B6B0BF /* Sources */ = {
			isa = PBXSourcesBuildPhase;
			buildActionMask = 2147483647;
			files = (
				B796AD26282E79C300314198 /* NetworkManagerTests.swift in Sources */,
				B7425E49282C359A00B6B0BF /* SportsAppTests.swift in Sources */,
			);
			runOnlyForDeploymentPostprocessing = 0;
		};
/* End PBXSourcesBuildPhase section */

/* Begin PBXTargetDependency section */
		B7425E46282C359A00B6B0BF /* PBXTargetDependency */ = {
			isa = PBXTargetDependency;
			target = B7425E2A282C357B00B6B0BF /* SportsApp */;
			targetProxy = B7425E45282C359A00B6B0BF /* PBXContainerItemProxy */;
		};
/* End PBXTargetDependency section */

/* Begin PBXVariantGroup section */
		B7425E34282C357C00B6B0BF /* Main.storyboard */ = {
			isa = PBXVariantGroup;
			children = (
				B7425E35282C357C00B6B0BF /* Base */,
			);
			name = Main.storyboard;
			sourceTree = "<group>";
		};
		B7425E3C282C359800B6B0BF /* LaunchScreen.storyboard */ = {
			isa = PBXVariantGroup;
			children = (
				B7425E3D282C359800B6B0BF /* Base */,
			);
			name = LaunchScreen.storyboard;
			sourceTree = "<group>";
		};
/* End PBXVariantGroup section */

/* Begin XCBuildConfiguration section */
		B7425E4B282C359A00B6B0BF /* Debug */ = {
			isa = XCBuildConfiguration;
			buildSettings = {
				ALWAYS_SEARCH_USER_PATHS = NO;
				CLANG_ANALYZER_NONNULL = YES;
				CLANG_ANALYZER_NUMBER_OBJECT_CONVERSION = YES_AGGRESSIVE;
				CLANG_CXX_LANGUAGE_STANDARD = "gnu++14";
				CLANG_CXX_LIBRARY = "libc++";
				CLANG_ENABLE_MODULES = YES;
				CLANG_ENABLE_OBJC_ARC = YES;
				CLANG_ENABLE_OBJC_WEAK = YES;
				CLANG_WARN_BLOCK_CAPTURE_AUTORELEASING = YES;
				CLANG_WARN_BOOL_CONVERSION = YES;
				CLANG_WARN_COMMA = YES;
				CLANG_WARN_CONSTANT_CONVERSION = YES;
				CLANG_WARN_DEPRECATED_OBJC_IMPLEMENTATIONS = YES;
				CLANG_WARN_DIRECT_OBJC_ISA_USAGE = YES_ERROR;
				CLANG_WARN_DOCUMENTATION_COMMENTS = YES;
				CLANG_WARN_EMPTY_BODY = YES;
				CLANG_WARN_ENUM_CONVERSION = YES;
				CLANG_WARN_INFINITE_RECURSION = YES;
				CLANG_WARN_INT_CONVERSION = YES;
				CLANG_WARN_NON_LITERAL_NULL_CONVERSION = YES;
				CLANG_WARN_OBJC_IMPLICIT_RETAIN_SELF = YES;
				CLANG_WARN_OBJC_LITERAL_CONVERSION = YES;
				CLANG_WARN_OBJC_ROOT_CLASS = YES_ERROR;
				CLANG_WARN_RANGE_LOOP_ANALYSIS = YES;
				CLANG_WARN_STRICT_PROTOTYPES = YES;
				CLANG_WARN_SUSPICIOUS_MOVE = YES;
				CLANG_WARN_UNGUARDED_AVAILABILITY = YES_AGGRESSIVE;
				CLANG_WARN_UNREACHABLE_CODE = YES;
				CLANG_WARN__DUPLICATE_METHOD_MATCH = YES;
				COPY_PHASE_STRIP = NO;
				DEBUG_INFORMATION_FORMAT = dwarf;
				ENABLE_STRICT_OBJC_MSGSEND = YES;
				ENABLE_TESTABILITY = YES;
				GCC_C_LANGUAGE_STANDARD = gnu11;
				GCC_DYNAMIC_NO_PIC = NO;
				GCC_NO_COMMON_BLOCKS = YES;
				GCC_OPTIMIZATION_LEVEL = 0;
				GCC_PREPROCESSOR_DEFINITIONS = (
					"DEBUG=1",
					"$(inherited)",
				);
				GCC_WARN_64_TO_32_BIT_CONVERSION = YES;
				GCC_WARN_ABOUT_RETURN_TYPE = YES_ERROR;
				GCC_WARN_UNDECLARED_SELECTOR = YES;
				GCC_WARN_UNINITIALIZED_AUTOS = YES_AGGRESSIVE;
				GCC_WARN_UNUSED_FUNCTION = YES;
				GCC_WARN_UNUSED_VARIABLE = YES;
				IPHONEOS_DEPLOYMENT_TARGET = 13.0;
				MTL_ENABLE_DEBUG_INFO = INCLUDE_SOURCE;
				MTL_FAST_MATH = YES;
				ONLY_ACTIVE_ARCH = YES;
				SDKROOT = iphoneos;
				SWIFT_ACTIVE_COMPILATION_CONDITIONS = DEBUG;
				SWIFT_OPTIMIZATION_LEVEL = "-Onone";
			};
			name = Debug;
		};
		B7425E4C282C359A00B6B0BF /* Release */ = {
			isa = XCBuildConfiguration;
			buildSettings = {
				ALWAYS_SEARCH_USER_PATHS = NO;
				CLANG_ANALYZER_NONNULL = YES;
				CLANG_ANALYZER_NUMBER_OBJECT_CONVERSION = YES_AGGRESSIVE;
				CLANG_CXX_LANGUAGE_STANDARD = "gnu++14";
				CLANG_CXX_LIBRARY = "libc++";
				CLANG_ENABLE_MODULES = YES;
				CLANG_ENABLE_OBJC_ARC = YES;
				CLANG_ENABLE_OBJC_WEAK = YES;
				CLANG_WARN_BLOCK_CAPTURE_AUTORELEASING = YES;
				CLANG_WARN_BOOL_CONVERSION = YES;
				CLANG_WARN_COMMA = YES;
				CLANG_WARN_CONSTANT_CONVERSION = YES;
				CLANG_WARN_DEPRECATED_OBJC_IMPLEMENTATIONS = YES;
				CLANG_WARN_DIRECT_OBJC_ISA_USAGE = YES_ERROR;
				CLANG_WARN_DOCUMENTATION_COMMENTS = YES;
				CLANG_WARN_EMPTY_BODY = YES;
				CLANG_WARN_ENUM_CONVERSION = YES;
				CLANG_WARN_INFINITE_RECURSION = YES;
				CLANG_WARN_INT_CONVERSION = YES;
				CLANG_WARN_NON_LITERAL_NULL_CONVERSION = YES;
				CLANG_WARN_OBJC_IMPLICIT_RETAIN_SELF = YES;
				CLANG_WARN_OBJC_LITERAL_CONVERSION = YES;
				CLANG_WARN_OBJC_ROOT_CLASS = YES_ERROR;
				CLANG_WARN_RANGE_LOOP_ANALYSIS = YES;
				CLANG_WARN_STRICT_PROTOTYPES = YES;
				CLANG_WARN_SUSPICIOUS_MOVE = YES;
				CLANG_WARN_UNGUARDED_AVAILABILITY = YES_AGGRESSIVE;
				CLANG_WARN_UNREACHABLE_CODE = YES;
				CLANG_WARN__DUPLICATE_METHOD_MATCH = YES;
				COPY_PHASE_STRIP = NO;
				DEBUG_INFORMATION_FORMAT = "dwarf-with-dsym";
				ENABLE_NS_ASSERTIONS = NO;
				ENABLE_STRICT_OBJC_MSGSEND = YES;
				GCC_C_LANGUAGE_STANDARD = gnu11;
				GCC_NO_COMMON_BLOCKS = YES;
				GCC_WARN_64_TO_32_BIT_CONVERSION = YES;
				GCC_WARN_ABOUT_RETURN_TYPE = YES_ERROR;
				GCC_WARN_UNDECLARED_SELECTOR = YES;
				GCC_WARN_UNINITIALIZED_AUTOS = YES_AGGRESSIVE;
				GCC_WARN_UNUSED_FUNCTION = YES;
				GCC_WARN_UNUSED_VARIABLE = YES;
				IPHONEOS_DEPLOYMENT_TARGET = 13.0;
				MTL_ENABLE_DEBUG_INFO = NO;
				MTL_FAST_MATH = YES;
				SDKROOT = iphoneos;
				SWIFT_COMPILATION_MODE = wholemodule;
				SWIFT_OPTIMIZATION_LEVEL = "-O";
				VALIDATE_PRODUCT = YES;
			};
			name = Release;
		};
		B7425E4E282C359A00B6B0BF /* Debug */ = {
			isa = XCBuildConfiguration;
			baseConfigurationReference = 88C2E5187E2F24BA3A6EA23F /* Pods-SportsApp.debug.xcconfig */;
			buildSettings = {
				ASSETCATALOG_COMPILER_APPICON_NAME = AppIcon;
				CODE_SIGN_STYLE = Automatic;
				INFOPLIST_FILE = SportsApp/Info.plist;
				LD_RUNPATH_SEARCH_PATHS = (
					"$(inherited)",
					"@executable_path/Frameworks",
				);
				PRODUCT_BUNDLE_IDENTIFIER = nayra.SportsApp;
				PRODUCT_NAME = "$(TARGET_NAME)";
				SWIFT_VERSION = 5.0;
				TARGETED_DEVICE_FAMILY = "1,2";
			};
			name = Debug;
		};
		B7425E4F282C359A00B6B0BF /* Release */ = {
			isa = XCBuildConfiguration;
			baseConfigurationReference = BCA13648950DDBA39A661188 /* Pods-SportsApp.release.xcconfig */;
			buildSettings = {
				ASSETCATALOG_COMPILER_APPICON_NAME = AppIcon;
				CODE_SIGN_STYLE = Automatic;
				INFOPLIST_FILE = SportsApp/Info.plist;
				LD_RUNPATH_SEARCH_PATHS = (
					"$(inherited)",
					"@executable_path/Frameworks",
				);
				PRODUCT_BUNDLE_IDENTIFIER = nayra.SportsApp;
				PRODUCT_NAME = "$(TARGET_NAME)";
				SWIFT_VERSION = 5.0;
				TARGETED_DEVICE_FAMILY = "1,2";
			};
			name = Release;
		};
		B7425E51282C359A00B6B0BF /* Debug */ = {
			isa = XCBuildConfiguration;
			baseConfigurationReference = 13F6B868F07FDD15819AFBDC /* Pods-SportsAppTests.debug.xcconfig */;
			buildSettings = {
				ALWAYS_EMBED_SWIFT_STANDARD_LIBRARIES = YES;
				BUNDLE_LOADER = "$(TEST_HOST)";
				CODE_SIGN_STYLE = Automatic;
				INFOPLIST_FILE = SportsAppTests/Info.plist;
				IPHONEOS_DEPLOYMENT_TARGET = 13.0;
				LD_RUNPATH_SEARCH_PATHS = (
					"$(inherited)",
					"@executable_path/Frameworks",
					"@loader_path/Frameworks",
				);
				PRODUCT_BUNDLE_IDENTIFIER = nayra.SportsAppTests;
				PRODUCT_NAME = "$(TARGET_NAME)";
				SWIFT_VERSION = 5.0;
				TARGETED_DEVICE_FAMILY = "1,2";
				TEST_HOST = "$(BUILT_PRODUCTS_DIR)/SportsApp.app/SportsApp";
			};
			name = Debug;
		};
		B7425E52282C359A00B6B0BF /* Release */ = {
			isa = XCBuildConfiguration;
			baseConfigurationReference = 9CF7276905527765C5B8E3A4 /* Pods-SportsAppTests.release.xcconfig */;
			buildSettings = {
				ALWAYS_EMBED_SWIFT_STANDARD_LIBRARIES = YES;
				BUNDLE_LOADER = "$(TEST_HOST)";
				CODE_SIGN_STYLE = Automatic;
				INFOPLIST_FILE = SportsAppTests/Info.plist;
				IPHONEOS_DEPLOYMENT_TARGET = 13.0;
				LD_RUNPATH_SEARCH_PATHS = (
					"$(inherited)",
					"@executable_path/Frameworks",
					"@loader_path/Frameworks",
				);
				PRODUCT_BUNDLE_IDENTIFIER = nayra.SportsAppTests;
				PRODUCT_NAME = "$(TARGET_NAME)";
				SWIFT_VERSION = 5.0;
				TARGETED_DEVICE_FAMILY = "1,2";
				TEST_HOST = "$(BUILT_PRODUCTS_DIR)/SportsApp.app/SportsApp";
			};
			name = Release;
		};
/* End XCBuildConfiguration section */

/* Begin XCConfigurationList section */
		B7425E26282C357A00B6B0BF /* Build configuration list for PBXProject "SportsApp" */ = {
			isa = XCConfigurationList;
			buildConfigurations = (
				B7425E4B282C359A00B6B0BF /* Debug */,
				B7425E4C282C359A00B6B0BF /* Release */,
			);
			defaultConfigurationIsVisible = 0;
			defaultConfigurationName = Release;
		};
		B7425E4D282C359A00B6B0BF /* Build configuration list for PBXNativeTarget "SportsApp" */ = {
			isa = XCConfigurationList;
			buildConfigurations = (
				B7425E4E282C359A00B6B0BF /* Debug */,
				B7425E4F282C359A00B6B0BF /* Release */,
			);
			defaultConfigurationIsVisible = 0;
			defaultConfigurationName = Release;
		};
		B7425E50282C359A00B6B0BF /* Build configuration list for PBXNativeTarget "SportsAppTests" */ = {
			isa = XCConfigurationList;
			buildConfigurations = (
				B7425E51282C359A00B6B0BF /* Debug */,
				B7425E52282C359A00B6B0BF /* Release */,
			);
			defaultConfigurationIsVisible = 0;
			defaultConfigurationName = Release;
		};
/* End XCConfigurationList section */

/* Begin XCVersionGroup section */
		B7425E37282C357C00B6B0BF /* SportsApp.xcdatamodeld */ = {
			isa = XCVersionGroup;
			children = (
				B7425E38282C357C00B6B0BF /* SportsApp.xcdatamodel */,
			);
			currentVersion = B7425E38282C357C00B6B0BF /* SportsApp.xcdatamodel */;
			path = SportsApp.xcdatamodeld;
			sourceTree = "<group>";
			versionGroupType = wrapper.xcdatamodel;
		};
/* End XCVersionGroup section */
	};
	rootObject = B7425E23282C357900B6B0BF /* Project object */;
}
